// !$*UTF8*$!
{
	archiveVersion = 1;
	classes = {
	};
	objectVersion = 50;
	objects = {

/* Begin PBXBuildFile section */
		1BE0061C26BDFC91003F5F54 /* AppDelegate.swift in Sources */ = {isa = PBXBuildFile; fileRef = 1BE0061B26BDFC91003F5F54 /* AppDelegate.swift */; };
		1BE0061E26BDFC91003F5F54 /* SceneDelegate.swift in Sources */ = {isa = PBXBuildFile; fileRef = 1BE0061D26BDFC91003F5F54 /* SceneDelegate.swift */; };
		1BE0062526BDFC94003F5F54 /* Assets.xcassets in Resources */ = {isa = PBXBuildFile; fileRef = 1BE0062426BDFC94003F5F54 /* Assets.xcassets */; };
		1BE0062826BDFC94003F5F54 /* LaunchScreen.storyboard in Resources */ = {isa = PBXBuildFile; fileRef = 1BE0062626BDFC94003F5F54 /* LaunchScreen.storyboard */; };
		1BE0063D26C6A010003F5F54 /* SalahTimesViewController.swift in Sources */ = {isa = PBXBuildFile; fileRef = 1BE0063C26C6A010003F5F54 /* SalahTimesViewController.swift */; };
		1BE0063F26C6A3A0003F5F54 /* UIKitExtensions.swift in Sources */ = {isa = PBXBuildFile; fileRef = 1BE0063E26C6A3A0003F5F54 /* UIKitExtensions.swift */; };
		1BE0064226C9F988003F5F54 /* SalahTimesCollectionViewController.swift in Sources */ = {isa = PBXBuildFile; fileRef = 1BE0064126C9F988003F5F54 /* SalahTimesCollectionViewController.swift */; };
		1BECF27026CD4BA400C4C749 /* TomorrowViewController.swift in Sources */ = {isa = PBXBuildFile; fileRef = 1BECF26F26CD4BA400C4C749 /* TomorrowViewController.swift */; };
/* End PBXBuildFile section */

/* Begin PBXFileReference section */
		1BE0061826BDFC91003F5F54 /* Prototype.app */ = {isa = PBXFileReference; explicitFileType = wrapper.application; includeInIndex = 0; path = Prototype.app; sourceTree = BUILT_PRODUCTS_DIR; };
		1BE0061B26BDFC91003F5F54 /* AppDelegate.swift */ = {isa = PBXFileReference; lastKnownFileType = sourcecode.swift; path = AppDelegate.swift; sourceTree = "<group>"; };
		1BE0061D26BDFC91003F5F54 /* SceneDelegate.swift */ = {isa = PBXFileReference; lastKnownFileType = sourcecode.swift; path = SceneDelegate.swift; sourceTree = "<group>"; };
		1BE0062426BDFC94003F5F54 /* Assets.xcassets */ = {isa = PBXFileReference; lastKnownFileType = folder.assetcatalog; path = Assets.xcassets; sourceTree = "<group>"; };
		1BE0062726BDFC94003F5F54 /* Base */ = {isa = PBXFileReference; lastKnownFileType = file.storyboard; name = Base; path = Base.lproj/LaunchScreen.storyboard; sourceTree = "<group>"; };
		1BE0062926BDFC94003F5F54 /* Info.plist */ = {isa = PBXFileReference; lastKnownFileType = text.plist.xml; path = Info.plist; sourceTree = "<group>"; };
		1BE0063C26C6A010003F5F54 /* SalahTimesViewController.swift */ = {isa = PBXFileReference; lastKnownFileType = sourcecode.swift; path = SalahTimesViewController.swift; sourceTree = "<group>"; };
		1BE0063E26C6A3A0003F5F54 /* UIKitExtensions.swift */ = {isa = PBXFileReference; fileEncoding = 4; lastKnownFileType = sourcecode.swift; path = UIKitExtensions.swift; sourceTree = "<group>"; };
		1BE0064126C9F988003F5F54 /* SalahTimesCollectionViewController.swift */ = {isa = PBXFileReference; lastKnownFileType = sourcecode.swift; path = SalahTimesCollectionViewController.swift; sourceTree = "<group>"; };
		1BECF26F26CD4BA400C4C749 /* TomorrowViewController.swift */ = {isa = PBXFileReference; lastKnownFileType = sourcecode.swift; path = TomorrowViewController.swift; sourceTree = "<group>"; };
/* End PBXFileReference section */

/* Begin PBXFrameworksBuildPhase section */
		1BE0061526BDFC91003F5F54 /* Frameworks */ = {
			isa = PBXFrameworksBuildPhase;
			buildActionMask = 2147483647;
			files = (
			);
			runOnlyForDeploymentPostprocessing = 0;
		};
/* End PBXFrameworksBuildPhase section */

/* Begin PBXGroup section */
		1BE0060F26BDFC91003F5F54 = {
			isa = PBXGroup;
			children = (
				1BE0061A26BDFC91003F5F54 /* Prototype */,
				1BE0061926BDFC91003F5F54 /* Products */,
			);
			sourceTree = "<group>";
		};
		1BE0061926BDFC91003F5F54 /* Products */ = {
			isa = PBXGroup;
			children = (
				1BE0061826BDFC91003F5F54 /* Prototype.app */,
			);
			name = Products;
			sourceTree = "<group>";
		};
		1BE0061A26BDFC91003F5F54 /* Prototype */ = {
			isa = PBXGroup;
			children = (
				1BE0064026C6A3A5003F5F54 /* Utilities */,
				1BE0062F26BDFEDD003F5F54 /* App+SceneDelegates */,
				1BE0063026BDFEF1003F5F54 /* Controllers */,
				1BE0062426BDFC94003F5F54 /* Assets.xcassets */,
				1BE0062626BDFC94003F5F54 /* LaunchScreen.storyboard */,
				1BE0062926BDFC94003F5F54 /* Info.plist */,
			);
			path = Prototype;
			sourceTree = "<group>";
		};
		1BE0062F26BDFEDD003F5F54 /* App+SceneDelegates */ = {
			isa = PBXGroup;
			children = (
				1BE0061B26BDFC91003F5F54 /* AppDelegate.swift */,
				1BE0061D26BDFC91003F5F54 /* SceneDelegate.swift */,
			);
			path = "App+SceneDelegates";
			sourceTree = "<group>";
		};
		1BE0063026BDFEF1003F5F54 /* Controllers */ = {
			isa = PBXGroup;
			children = (
				1BE0063C26C6A010003F5F54 /* SalahTimesViewController.swift */,
				1BECF26F26CD4BA400C4C749 /* TomorrowViewController.swift */,
				1BE0064126C9F988003F5F54 /* SalahTimesCollectionViewController.swift */,
			);
			path = Controllers;
			sourceTree = "<group>";
		};
		1BE0064026C6A3A5003F5F54 /* Utilities */ = {
			isa = PBXGroup;
			children = (
				1BE0063E26C6A3A0003F5F54 /* UIKitExtensions.swift */,
			);
			path = Utilities;
			sourceTree = "<group>";
		};
/* End PBXGroup section */

/* Begin PBXNativeTarget section */
		1BE0061726BDFC91003F5F54 /* Prototype */ = {
			isa = PBXNativeTarget;
			buildConfigurationList = 1BE0062C26BDFC94003F5F54 /* Build configuration list for PBXNativeTarget "Prototype" */;
			buildPhases = (
				1BE0061426BDFC91003F5F54 /* Sources */,
				1BE0061526BDFC91003F5F54 /* Frameworks */,
				1BE0061626BDFC91003F5F54 /* Resources */,
			);
			buildRules = (
			);
			dependencies = (
			);
			name = Prototype;
			productName = Prototype;
			productReference = 1BE0061826BDFC91003F5F54 /* Prototype.app */;
			productType = "com.apple.product-type.application";
		};
/* End PBXNativeTarget section */

/* Begin PBXProject section */
		1BE0061026BDFC91003F5F54 /* Project object */ = {
			isa = PBXProject;
			attributes = {
				LastSwiftUpdateCheck = 1250;
				LastUpgradeCheck = 1250;
				TargetAttributes = {
					1BE0061726BDFC91003F5F54 = {
						CreatedOnToolsVersion = 12.5.1;
					};
				};
			};
			buildConfigurationList = 1BE0061326BDFC91003F5F54 /* Build configuration list for PBXProject "Prototype" */;
			compatibilityVersion = "Xcode 9.3";
			developmentRegion = en;
			hasScannedForEncodings = 0;
			knownRegions = (
				en,
				Base,
			);
			mainGroup = 1BE0060F26BDFC91003F5F54;
			productRefGroup = 1BE0061926BDFC91003F5F54 /* Products */;
			projectDirPath = "";
			projectRoot = "";
			targets = (
				1BE0061726BDFC91003F5F54 /* Prototype */,
			);
		};
/* End PBXProject section */

/* Begin PBXResourcesBuildPhase section */
		1BE0061626BDFC91003F5F54 /* Resources */ = {
			isa = PBXResourcesBuildPhase;
			buildActionMask = 2147483647;
			files = (
				1BE0062826BDFC94003F5F54 /* LaunchScreen.storyboard in Resources */,
				1BE0062526BDFC94003F5F54 /* Assets.xcassets in Resources */,
			);
			runOnlyForDeploymentPostprocessing = 0;
		};
/* End PBXResourcesBuildPhase section */

/* Begin PBXSourcesBuildPhase section */
		1BE0061426BDFC91003F5F54 /* Sources */ = {
			isa = PBXSourcesBuildPhase;
			buildActionMask = 2147483647;
			files = (
				1BE0064226C9F988003F5F54 /* SalahTimesCollectionViewController.swift in Sources */,
				1BECF27026CD4BA400C4C749 /* TomorrowViewController.swift in Sources */,
				1BE0061C26BDFC91003F5F54 /* AppDelegate.swift in Sources */,
				1BE0063D26C6A010003F5F54 /* SalahTimesViewController.swift in Sources */,
				1BE0063F26C6A3A0003F5F54 /* UIKitExtensions.swift in Sources */,
				1BE0061E26BDFC91003F5F54 /* SceneDelegate.swift in Sources */,
			);
			runOnlyForDeploymentPostprocessing = 0;
		};
/* End PBXSourcesBuildPhase section */

/* Begin PBXVariantGroup section */
		1BE0062626BDFC94003F5F54 /* LaunchScreen.storyboard */ = {
			isa = PBXVariantGroup;
			children = (
				1BE0062726BDFC94003F5F54 /* Base */,
			);
			name = LaunchScreen.storyboard;
			sourceTree = "<group>";
		};
/* End PBXVariantGroup section */

/* Begin XCBuildConfiguration section */
		1BE0062A26BDFC94003F5F54 /* Debug */ = {
			isa = XCBuildConfiguration;
			buildSettings = {
				ALWAYS_SEARCH_USER_PATHS = NO;
				CLANG_ANALYZER_NONNULL = YES;
				CLANG_ANALYZER_NUMBER_OBJECT_CONVERSION = YES_AGGRESSIVE;
				CLANG_CXX_LANGUAGE_STANDARD = "gnu++14";
				CLANG_CXX_LIBRARY = "libc++";
				CLANG_ENABLE_MODULES = YES;
				CLANG_ENABLE_OBJC_ARC = YES;
				CLANG_ENABLE_OBJC_WEAK = YES;
				CLANG_WARN_BLOCK_CAPTURE_AUTORELEASING = YES;
				CLANG_WARN_BOOL_CONVERSION = YES;
				CLANG_WARN_COMMA = YES;
				CLANG_WARN_CONSTANT_CONVERSION = YES;
				CLANG_WARN_DEPRECATED_OBJC_IMPLEMENTATIONS = YES;
				CLANG_WARN_DIRECT_OBJC_ISA_USAGE = YES_ERROR;
				CLANG_WARN_DOCUMENTATION_COMMENTS = YES;
				CLANG_WARN_EMPTY_BODY = YES;
				CLANG_WARN_ENUM_CONVERSION = YES;
				CLANG_WARN_INFINITE_RECURSION = YES;
				CLANG_WARN_INT_CONVERSION = YES;
				CLANG_WARN_NON_LITERAL_NULL_CONVERSION = YES;
				CLANG_WARN_OBJC_IMPLICIT_RETAIN_SELF = YES;
				CLANG_WARN_OBJC_LITERAL_CONVERSION = YES;
				CLANG_WARN_OBJC_ROOT_CLASS = YES_ERROR;
				CLANG_WARN_QUOTED_INCLUDE_IN_FRAMEWORK_HEADER = YES;
				CLANG_WARN_RANGE_LOOP_ANALYSIS = YES;
				CLANG_WARN_STRICT_PROTOTYPES = YES;
				CLANG_WARN_SUSPICIOUS_MOVE = YES;
				CLANG_WARN_UNGUARDED_AVAILABILITY = YES_AGGRESSIVE;
				CLANG_WARN_UNREACHABLE_CODE = YES;
				CLANG_WARN__DUPLICATE_METHOD_MATCH = YES;
				COPY_PHASE_STRIP = NO;
				DEBUG_INFORMATION_FORMAT = dwarf;
				ENABLE_STRICT_OBJC_MSGSEND = YES;
				ENABLE_TESTABILITY = YES;
				GCC_C_LANGUAGE_STANDARD = gnu11;
				GCC_DYNAMIC_NO_PIC = NO;
				GCC_NO_COMMON_BLOCKS = YES;
				GCC_OPTIMIZATION_LEVEL = 0;
				GCC_PREPROCESSOR_DEFINITIONS = (
					"DEBUG=1",
					"$(inherited)",
				);
				GCC_WARN_64_TO_32_BIT_CONVERSION = YES;
				GCC_WARN_ABOUT_RETURN_TYPE = YES_ERROR;
				GCC_WARN_UNDECLARED_SELECTOR = YES;
				GCC_WARN_UNINITIALIZED_AUTOS = YES_AGGRESSIVE;
				GCC_WARN_UNUSED_FUNCTION = YES;
				GCC_WARN_UNUSED_VARIABLE = YES;
				IPHONEOS_DEPLOYMENT_TARGET = 14.5;
				MTL_ENABLE_DEBUG_INFO = INCLUDE_SOURCE;
				MTL_FAST_MATH = YES;
				ONLY_ACTIVE_ARCH = YES;
				SDKROOT = iphoneos;
				SWIFT_ACTIVE_COMPILATION_CONDITIONS = DEBUG;
				SWIFT_OPTIMIZATION_LEVEL = "-Onone";
			};
			name = Debug;
		};
		1BE0062B26BDFC94003F5F54 /* Release */ = {
			isa = XCBuildConfiguration;
			buildSettings = {
				ALWAYS_SEARCH_USER_PATHS = NO;
				CLANG_ANALYZER_NONNULL = YES;
				CLANG_ANALYZER_NUMBER_OBJECT_CONVERSION = YES_AGGRESSIVE;
				CLANG_CXX_LANGUAGE_STANDARD = "gnu++14";
				CLANG_CXX_LIBRARY = "libc++";
				CLANG_ENABLE_MODULES = YES;
				CLANG_ENABLE_OBJC_ARC = YES;
				CLANG_ENABLE_OBJC_WEAK = YES;
				CLANG_WARN_BLOCK_CAPTURE_AUTORELEASING = YES;
				CLANG_WARN_BOOL_CONVERSION = YES;
				CLANG_WARN_COMMA = YES;
				CLANG_WARN_CONSTANT_CONVERSION = YES;
				CLANG_WARN_DEPRECATED_OBJC_IMPLEMENTATIONS = YES;
				CLANG_WARN_DIRECT_OBJC_ISA_USAGE = YES_ERROR;
				CLANG_WARN_DOCUMENTATION_COMMENTS = YES;
				CLANG_WARN_EMPTY_BODY = YES;
				CLANG_WARN_ENUM_CONVERSION = YES;
				CLANG_WARN_INFINITE_RECURSION = YES;
				CLANG_WARN_INT_CONVERSION = YES;
				CLANG_WARN_NON_LITERAL_NULL_CONVERSION = YES;
				CLANG_WARN_OBJC_IMPLICIT_RETAIN_SELF = YES;
				CLANG_WARN_OBJC_LITERAL_CONVERSION = YES;
				CLANG_WARN_OBJC_ROOT_CLASS = YES_ERROR;
				CLANG_WARN_QUOTED_INCLUDE_IN_FRAMEWORK_HEADER = YES;
				CLANG_WARN_RANGE_LOOP_ANALYSIS = YES;
				CLANG_WARN_STRICT_PROTOTYPES = YES;
				CLANG_WARN_SUSPICIOUS_MOVE = YES;
				CLANG_WARN_UNGUARDED_AVAILABILITY = YES_AGGRESSIVE;
				CLANG_WARN_UNREACHABLE_CODE = YES;
				CLANG_WARN__DUPLICATE_METHOD_MATCH = YES;
				COPY_PHASE_STRIP = NO;
				DEBUG_INFORMATION_FORMAT = "dwarf-with-dsym";
				ENABLE_NS_ASSERTIONS = NO;
				ENABLE_STRICT_OBJC_MSGSEND = YES;
				GCC_C_LANGUAGE_STANDARD = gnu11;
				GCC_NO_COMMON_BLOCKS = YES;
				GCC_WARN_64_TO_32_BIT_CONVERSION = YES;
				GCC_WARN_ABOUT_RETURN_TYPE = YES_ERROR;
				GCC_WARN_UNDECLARED_SELECTOR = YES;
				GCC_WARN_UNINITIALIZED_AUTOS = YES_AGGRESSIVE;
				GCC_WARN_UNUSED_FUNCTION = YES;
				GCC_WARN_UNUSED_VARIABLE = YES;
				IPHONEOS_DEPLOYMENT_TARGET = 14.5;
				MTL_ENABLE_DEBUG_INFO = NO;
				MTL_FAST_MATH = YES;
				SDKROOT = iphoneos;
				SWIFT_COMPILATION_MODE = wholemodule;
				SWIFT_OPTIMIZATION_LEVEL = "-O";
				VALIDATE_PRODUCT = YES;
			};
			name = Release;
		};
		1BE0062D26BDFC94003F5F54 /* Debug */ = {
			isa = XCBuildConfiguration;
			buildSettings = {
				ASSETCATALOG_COMPILER_APPICON_NAME = AppIcon;
				ASSETCATALOG_COMPILER_GLOBAL_ACCENT_COLOR_NAME = AccentColor;
				CODE_SIGN_STYLE = Automatic;
				DEVELOPMENT_TEAM = HHWJTGZ862;
				INFOPLIST_FILE = Prototype/Info.plist;
				LD_RUNPATH_SEARCH_PATHS = (
					"$(inherited)",
					"@executable_path/Frameworks",
				);
				PRODUCT_BUNDLE_IDENTIFIER = com.Zanaeira.SalahTimes.Prototype;
				PRODUCT_NAME = "$(TARGET_NAME)";
				SWIFT_VERSION = 5.0;
				TARGETED_DEVICE_FAMILY = "1,2";
			};
			name = Debug;
		};
		1BE0062E26BDFC94003F5F54 /* Release */ = {
			isa = XCBuildConfiguration;
			buildSettings = {
				ASSETCATALOG_COMPILER_APPICON_NAME = AppIcon;
				ASSETCATALOG_COMPILER_GLOBAL_ACCENT_COLOR_NAME = AccentColor;
				CODE_SIGN_STYLE = Automatic;
				DEVELOPMENT_TEAM = HHWJTGZ862;
				INFOPLIST_FILE = Prototype/Info.plist;
				LD_RUNPATH_SEARCH_PATHS = (
					"$(inherited)",
					"@executable_path/Frameworks",
				);
				PRODUCT_BUNDLE_IDENTIFIER = com.Zanaeira.SalahTimes.Prototype;
				PRODUCT_NAME = "$(TARGET_NAME)";
				SWIFT_VERSION = 5.0;
				TARGETED_DEVICE_FAMILY = "1,2";
			};
			name = Release;
		};
/* End XCBuildConfiguration section */

/* Begin XCConfigurationList section */
		1BE0061326BDFC91003F5F54 /* Build configuration list for PBXProject "Prototype" */ = {
			isa = XCConfigurationList;
			buildConfigurations = (
				1BE0062A26BDFC94003F5F54 /* Debug */,
				1BE0062B26BDFC94003F5F54 /* Release */,
			);
			defaultConfigurationIsVisible = 0;
			defaultConfigurationName = Release;
		};
		1BE0062C26BDFC94003F5F54 /* Build configuration list for PBXNativeTarget "Prototype" */ = {
			isa = XCConfigurationList;
			buildConfigurations = (
				1BE0062D26BDFC94003F5F54 /* Debug */,
				1BE0062E26BDFC94003F5F54 /* Release */,
			);
			defaultConfigurationIsVisible = 0;
			defaultConfigurationName = Release;
		};
/* End XCConfigurationList section */
	};
	rootObject = 1BE0061026BDFC91003F5F54 /* Project object */;
}
