// !$*UTF8*$!
{
	archiveVersion = 1;
	classes = {
	};
	objectVersion = 55;
	objects = {

/* Begin PBXBuildFile section */
		1B9D0A7027610D8C0090CB2A /* AppDelegate.swift in Sources */ = {isa = PBXBuildFile; fileRef = 1B9D0A6F27610D8C0090CB2A /* AppDelegate.swift */; };
		1B9D0A7227610D8C0090CB2A /* SceneDelegate.swift in Sources */ = {isa = PBXBuildFile; fileRef = 1B9D0A7127610D8C0090CB2A /* SceneDelegate.swift */; };
		1B9D0A7927610D8F0090CB2A /* Assets.xcassets in Resources */ = {isa = PBXBuildFile; fileRef = 1B9D0A7827610D8F0090CB2A /* Assets.xcassets */; };
		1B9D0A7C27610D8F0090CB2A /* LaunchScreen.storyboard in Resources */ = {isa = PBXBuildFile; fileRef = 1B9D0A7A27610D8F0090CB2A /* LaunchScreen.storyboard */; };
		1B9D0A8427610ECB0090CB2A /* SalahTimesViewController.swift in Sources */ = {isa = PBXBuildFile; fileRef = 1B9D0A8327610ECB0090CB2A /* SalahTimesViewController.swift */; };
		1B9D0A87276116060090CB2A /* SalahTimesLoader.swift in Sources */ = {isa = PBXBuildFile; fileRef = 1B9D0A86276116060090CB2A /* SalahTimesLoader.swift */; };
		1B9D0A8A2761161E0090CB2A /* SalahTimes.swift in Sources */ = {isa = PBXBuildFile; fileRef = 1B9D0A892761161E0090CB2A /* SalahTimes.swift */; };
		1B9D0A8D276140CC0090CB2A /* SalahTimesCollectionViewController.swift in Sources */ = {isa = PBXBuildFile; fileRef = 1B9D0A8C276140CC0090CB2A /* SalahTimesCollectionViewController.swift */; };
		1B9D0A922762D43D0090CB2A /* UIViewController+Ext.swift in Sources */ = {isa = PBXBuildFile; fileRef = 1B9D0A912762D43D0090CB2A /* UIViewController+Ext.swift */; };
		1B9D0A942762D4530090CB2A /* UIView+Ext.swift in Sources */ = {isa = PBXBuildFile; fileRef = 1B9D0A932762D4530090CB2A /* UIView+Ext.swift */; };
		1B9D0A972764D3C00090CB2A /* SalahTimesBackgroundDecorationView.swift in Sources */ = {isa = PBXBuildFile; fileRef = 1B9D0A962764D3C00090CB2A /* SalahTimesBackgroundDecorationView.swift */; };
		1B9D0A9A2765537D0090CB2A /* HeaderView.swift in Sources */ = {isa = PBXBuildFile; fileRef = 1B9D0A992765537D0090CB2A /* HeaderView.swift */; };
/* End PBXBuildFile section */

/* Begin PBXFileReference section */
		1B9D0A6C27610D8C0090CB2A /* Prototype 2.0.app */ = {isa = PBXFileReference; explicitFileType = wrapper.application; includeInIndex = 0; path = "Prototype 2.0.app"; sourceTree = BUILT_PRODUCTS_DIR; };
		1B9D0A6F27610D8C0090CB2A /* AppDelegate.swift */ = {isa = PBXFileReference; lastKnownFileType = sourcecode.swift; path = AppDelegate.swift; sourceTree = "<group>"; };
		1B9D0A7127610D8C0090CB2A /* SceneDelegate.swift */ = {isa = PBXFileReference; lastKnownFileType = sourcecode.swift; path = SceneDelegate.swift; sourceTree = "<group>"; };
		1B9D0A7827610D8F0090CB2A /* Assets.xcassets */ = {isa = PBXFileReference; lastKnownFileType = folder.assetcatalog; path = Assets.xcassets; sourceTree = "<group>"; };
		1B9D0A7B27610D8F0090CB2A /* Base */ = {isa = PBXFileReference; lastKnownFileType = file.storyboard; name = Base; path = Base.lproj/LaunchScreen.storyboard; sourceTree = "<group>"; };
		1B9D0A7D27610D8F0090CB2A /* Info.plist */ = {isa = PBXFileReference; lastKnownFileType = text.plist.xml; path = Info.plist; sourceTree = "<group>"; };
		1B9D0A8327610ECB0090CB2A /* SalahTimesViewController.swift */ = {isa = PBXFileReference; lastKnownFileType = sourcecode.swift; path = SalahTimesViewController.swift; sourceTree = "<group>"; };
		1B9D0A86276116060090CB2A /* SalahTimesLoader.swift */ = {isa = PBXFileReference; lastKnownFileType = sourcecode.swift; path = SalahTimesLoader.swift; sourceTree = "<group>"; };
		1B9D0A892761161E0090CB2A /* SalahTimes.swift */ = {isa = PBXFileReference; lastKnownFileType = sourcecode.swift; path = SalahTimes.swift; sourceTree = "<group>"; };
		1B9D0A8C276140CC0090CB2A /* SalahTimesCollectionViewController.swift */ = {isa = PBXFileReference; lastKnownFileType = sourcecode.swift; path = SalahTimesCollectionViewController.swift; sourceTree = "<group>"; };
		1B9D0A912762D43D0090CB2A /* UIViewController+Ext.swift */ = {isa = PBXFileReference; lastKnownFileType = sourcecode.swift; path = "UIViewController+Ext.swift"; sourceTree = "<group>"; };
		1B9D0A932762D4530090CB2A /* UIView+Ext.swift */ = {isa = PBXFileReference; lastKnownFileType = sourcecode.swift; path = "UIView+Ext.swift"; sourceTree = "<group>"; };
		1B9D0A962764D3C00090CB2A /* SalahTimesBackgroundDecorationView.swift */ = {isa = PBXFileReference; lastKnownFileType = sourcecode.swift; path = SalahTimesBackgroundDecorationView.swift; sourceTree = "<group>"; };
		1B9D0A992765537D0090CB2A /* HeaderView.swift */ = {isa = PBXFileReference; lastKnownFileType = sourcecode.swift; path = HeaderView.swift; sourceTree = "<group>"; };
/* End PBXFileReference section */

/* Begin PBXFrameworksBuildPhase section */
		1B9D0A6927610D8C0090CB2A /* Frameworks */ = {
			isa = PBXFrameworksBuildPhase;
			buildActionMask = 2147483647;
			files = (
			);
			runOnlyForDeploymentPostprocessing = 0;
		};
/* End PBXFrameworksBuildPhase section */

/* Begin PBXGroup section */
		1B9D0A6327610D8C0090CB2A = {
			isa = PBXGroup;
			children = (
				1B9D0A6E27610D8C0090CB2A /* Prototype 2.0 */,
				1B9D0A6D27610D8C0090CB2A /* Products */,
			);
			sourceTree = "<group>";
		};
		1B9D0A6D27610D8C0090CB2A /* Products */ = {
			isa = PBXGroup;
			children = (
				1B9D0A6C27610D8C0090CB2A /* Prototype 2.0.app */,
			);
			name = Products;
			sourceTree = "<group>";
		};
		1B9D0A6E27610D8C0090CB2A /* Prototype 2.0 */ = {
			isa = PBXGroup;
			children = (
				1B9D0A6F27610D8C0090CB2A /* AppDelegate.swift */,
				1B9D0A7127610D8C0090CB2A /* SceneDelegate.swift */,
				1B9D0A902762D4200090CB2A /* Helpers */,
				1B9D0A88276116140090CB2A /* API */,
				1B9D0A8B276116240090CB2A /* Model */,
				1B9D0A952764D39F0090CB2A /* Views */,
				1B9D0A85276115F50090CB2A /* Controllers */,
				1B9D0A7827610D8F0090CB2A /* Assets.xcassets */,
				1B9D0A7A27610D8F0090CB2A /* LaunchScreen.storyboard */,
				1B9D0A7D27610D8F0090CB2A /* Info.plist */,
			);
			path = "Prototype 2.0";
			sourceTree = "<group>";
		};
		1B9D0A85276115F50090CB2A /* Controllers */ = {
			isa = PBXGroup;
			children = (
				1B9D0A8327610ECB0090CB2A /* SalahTimesViewController.swift */,
				1B9D0A8C276140CC0090CB2A /* SalahTimesCollectionViewController.swift */,
			);
			path = Controllers;
			sourceTree = "<group>";
		};
		1B9D0A88276116140090CB2A /* API */ = {
			isa = PBXGroup;
			children = (
				1B9D0A86276116060090CB2A /* SalahTimesLoader.swift */,
			);
			path = API;
			sourceTree = "<group>";
		};
		1B9D0A8B276116240090CB2A /* Model */ = {
			isa = PBXGroup;
			children = (
				1B9D0A892761161E0090CB2A /* SalahTimes.swift */,
			);
			path = Model;
			sourceTree = "<group>";
		};
		1B9D0A902762D4200090CB2A /* Helpers */ = {
			isa = PBXGroup;
			children = (
				1B9D0A912762D43D0090CB2A /* UIViewController+Ext.swift */,
				1B9D0A932762D4530090CB2A /* UIView+Ext.swift */,
			);
			path = Helpers;
			sourceTree = "<group>";
		};
		1B9D0A952764D39F0090CB2A /* Views */ = {
			isa = PBXGroup;
			children = (
				1B9D0A982765533A0090CB2A /* Supplementary Views */,
			);
			path = Views;
			sourceTree = "<group>";
		};
		1B9D0A982765533A0090CB2A /* Supplementary Views */ = {
			isa = PBXGroup;
			children = (
				1B9D0A962764D3C00090CB2A /* SalahTimesBackgroundDecorationView.swift */,
				1B9D0A992765537D0090CB2A /* HeaderView.swift */,
			);
			path = "Supplementary Views";
			sourceTree = "<group>";
		};
/* End PBXGroup section */

/* Begin PBXNativeTarget section */
		1B9D0A6B27610D8C0090CB2A /* Prototype 2.0 */ = {
			isa = PBXNativeTarget;
			buildConfigurationList = 1B9D0A8027610D8F0090CB2A /* Build configuration list for PBXNativeTarget "Prototype 2.0" */;
			buildPhases = (
				1B9D0A6827610D8C0090CB2A /* Sources */,
				1B9D0A6927610D8C0090CB2A /* Frameworks */,
				1B9D0A6A27610D8C0090CB2A /* Resources */,
			);
			buildRules = (
			);
			dependencies = (
			);
			name = "Prototype 2.0";
			productName = "Prototype 2.0";
			productReference = 1B9D0A6C27610D8C0090CB2A /* Prototype 2.0.app */;
			productType = "com.apple.product-type.application";
		};
/* End PBXNativeTarget section */

/* Begin PBXProject section */
		1B9D0A6427610D8C0090CB2A /* Project object */ = {
			isa = PBXProject;
			attributes = {
				BuildIndependentTargetsInParallel = 1;
				LastSwiftUpdateCheck = 1310;
				LastUpgradeCheck = 1310;
				TargetAttributes = {
					1B9D0A6B27610D8C0090CB2A = {
						CreatedOnToolsVersion = 13.1;
					};
				};
			};
			buildConfigurationList = 1B9D0A6727610D8C0090CB2A /* Build configuration list for PBXProject "Prototype 2.0" */;
			compatibilityVersion = "Xcode 13.0";
			developmentRegion = en;
			hasScannedForEncodings = 0;
			knownRegions = (
				en,
				Base,
			);
			mainGroup = 1B9D0A6327610D8C0090CB2A;
			productRefGroup = 1B9D0A6D27610D8C0090CB2A /* Products */;
			projectDirPath = "";
			projectRoot = "";
			targets = (
				1B9D0A6B27610D8C0090CB2A /* Prototype 2.0 */,
			);
		};
/* End PBXProject section */

/* Begin PBXResourcesBuildPhase section */
		1B9D0A6A27610D8C0090CB2A /* Resources */ = {
			isa = PBXResourcesBuildPhase;
			buildActionMask = 2147483647;
			files = (
				1B9D0A7C27610D8F0090CB2A /* LaunchScreen.storyboard in Resources */,
				1B9D0A7927610D8F0090CB2A /* Assets.xcassets in Resources */,
			);
			runOnlyForDeploymentPostprocessing = 0;
		};
/* End PBXResourcesBuildPhase section */

/* Begin PBXSourcesBuildPhase section */
		1B9D0A6827610D8C0090CB2A /* Sources */ = {
			isa = PBXSourcesBuildPhase;
			buildActionMask = 2147483647;
			files = (
				1B9D0A972764D3C00090CB2A /* SalahTimesBackgroundDecorationView.swift in Sources */,
				1B9D0A942762D4530090CB2A /* UIView+Ext.swift in Sources */,
				1B9D0A7027610D8C0090CB2A /* AppDelegate.swift in Sources */,
				1B9D0A8D276140CC0090CB2A /* SalahTimesCollectionViewController.swift in Sources */,
				1B9D0A922762D43D0090CB2A /* UIViewController+Ext.swift in Sources */,
				1B9D0A9A2765537D0090CB2A /* HeaderView.swift in Sources */,
				1B9D0A8427610ECB0090CB2A /* SalahTimesViewController.swift in Sources */,
				1B9D0A7227610D8C0090CB2A /* SceneDelegate.swift in Sources */,
				1B9D0A87276116060090CB2A /* SalahTimesLoader.swift in Sources */,
				1B9D0A8A2761161E0090CB2A /* SalahTimes.swift in Sources */,
			);
			runOnlyForDeploymentPostprocessing = 0;
		};
/* End PBXSourcesBuildPhase section */

/* Begin PBXVariantGroup section */
		1B9D0A7A27610D8F0090CB2A /* LaunchScreen.storyboard */ = {
			isa = PBXVariantGroup;
			children = (
				1B9D0A7B27610D8F0090CB2A /* Base */,
			);
			name = LaunchScreen.storyboard;
			sourceTree = "<group>";
		};
/* End PBXVariantGroup section */

/* Begin XCBuildConfiguration section */
		1B9D0A7E27610D8F0090CB2A /* Debug */ = {
			isa = XCBuildConfiguration;
			buildSettings = {
				ALWAYS_SEARCH_USER_PATHS = NO;
				CLANG_ANALYZER_NONNULL = YES;
				CLANG_ANALYZER_NUMBER_OBJECT_CONVERSION = YES_AGGRESSIVE;
				CLANG_CXX_LANGUAGE_STANDARD = "gnu++17";
				CLANG_CXX_LIBRARY = "libc++";
				CLANG_ENABLE_MODULES = YES;
				CLANG_ENABLE_OBJC_ARC = YES;
				CLANG_ENABLE_OBJC_WEAK = YES;
				CLANG_WARN_BLOCK_CAPTURE_AUTORELEASING = YES;
				CLANG_WARN_BOOL_CONVERSION = YES;
				CLANG_WARN_COMMA = YES;
				CLANG_WARN_CONSTANT_CONVERSION = YES;
				CLANG_WARN_DEPRECATED_OBJC_IMPLEMENTATIONS = YES;
				CLANG_WARN_DIRECT_OBJC_ISA_USAGE = YES_ERROR;
				CLANG_WARN_DOCUMENTATION_COMMENTS = YES;
				CLANG_WARN_EMPTY_BODY = YES;
				CLANG_WARN_ENUM_CONVERSION = YES;
				CLANG_WARN_INFINITE_RECURSION = YES;
				CLANG_WARN_INT_CONVERSION = YES;
				CLANG_WARN_NON_LITERAL_NULL_CONVERSION = YES;
				CLANG_WARN_OBJC_IMPLICIT_RETAIN_SELF = YES;
				CLANG_WARN_OBJC_LITERAL_CONVERSION = YES;
				CLANG_WARN_OBJC_ROOT_CLASS = YES_ERROR;
				CLANG_WARN_QUOTED_INCLUDE_IN_FRAMEWORK_HEADER = YES;
				CLANG_WARN_RANGE_LOOP_ANALYSIS = YES;
				CLANG_WARN_STRICT_PROTOTYPES = YES;
				CLANG_WARN_SUSPICIOUS_MOVE = YES;
				CLANG_WARN_UNGUARDED_AVAILABILITY = YES_AGGRESSIVE;
				CLANG_WARN_UNREACHABLE_CODE = YES;
				CLANG_WARN__DUPLICATE_METHOD_MATCH = YES;
				COPY_PHASE_STRIP = NO;
				DEBUG_INFORMATION_FORMAT = dwarf;
				ENABLE_STRICT_OBJC_MSGSEND = YES;
				ENABLE_TESTABILITY = YES;
				GCC_C_LANGUAGE_STANDARD = gnu11;
				GCC_DYNAMIC_NO_PIC = NO;
				GCC_NO_COMMON_BLOCKS = YES;
				GCC_OPTIMIZATION_LEVEL = 0;
				GCC_PREPROCESSOR_DEFINITIONS = (
					"DEBUG=1",
					"$(inherited)",
				);
				GCC_WARN_64_TO_32_BIT_CONVERSION = YES;
				GCC_WARN_ABOUT_RETURN_TYPE = YES_ERROR;
				GCC_WARN_UNDECLARED_SELECTOR = YES;
				GCC_WARN_UNINITIALIZED_AUTOS = YES_AGGRESSIVE;
				GCC_WARN_UNUSED_FUNCTION = YES;
				GCC_WARN_UNUSED_VARIABLE = YES;
				IPHONEOS_DEPLOYMENT_TARGET = 15.0;
				MTL_ENABLE_DEBUG_INFO = INCLUDE_SOURCE;
				MTL_FAST_MATH = YES;
				ONLY_ACTIVE_ARCH = YES;
				SDKROOT = iphoneos;
				SWIFT_ACTIVE_COMPILATION_CONDITIONS = DEBUG;
				SWIFT_OPTIMIZATION_LEVEL = "-Onone";
			};
			name = Debug;
		};
		1B9D0A7F27610D8F0090CB2A /* Release */ = {
			isa = XCBuildConfiguration;
			buildSettings = {
				ALWAYS_SEARCH_USER_PATHS = NO;
				CLANG_ANALYZER_NONNULL = YES;
				CLANG_ANALYZER_NUMBER_OBJECT_CONVERSION = YES_AGGRESSIVE;
				CLANG_CXX_LANGUAGE_STANDARD = "gnu++17";
				CLANG_CXX_LIBRARY = "libc++";
				CLANG_ENABLE_MODULES = YES;
				CLANG_ENABLE_OBJC_ARC = YES;
				CLANG_ENABLE_OBJC_WEAK = YES;
				CLANG_WARN_BLOCK_CAPTURE_AUTORELEASING = YES;
				CLANG_WARN_BOOL_CONVERSION = YES;
				CLANG_WARN_COMMA = YES;
				CLANG_WARN_CONSTANT_CONVERSION = YES;
				CLANG_WARN_DEPRECATED_OBJC_IMPLEMENTATIONS = YES;
				CLANG_WARN_DIRECT_OBJC_ISA_USAGE = YES_ERROR;
				CLANG_WARN_DOCUMENTATION_COMMENTS = YES;
				CLANG_WARN_EMPTY_BODY = YES;
				CLANG_WARN_ENUM_CONVERSION = YES;
				CLANG_WARN_INFINITE_RECURSION = YES;
				CLANG_WARN_INT_CONVERSION = YES;
				CLANG_WARN_NON_LITERAL_NULL_CONVERSION = YES;
				CLANG_WARN_OBJC_IMPLICIT_RETAIN_SELF = YES;
				CLANG_WARN_OBJC_LITERAL_CONVERSION = YES;
				CLANG_WARN_OBJC_ROOT_CLASS = YES_ERROR;
				CLANG_WARN_QUOTED_INCLUDE_IN_FRAMEWORK_HEADER = YES;
				CLANG_WARN_RANGE_LOOP_ANALYSIS = YES;
				CLANG_WARN_STRICT_PROTOTYPES = YES;
				CLANG_WARN_SUSPICIOUS_MOVE = YES;
				CLANG_WARN_UNGUARDED_AVAILABILITY = YES_AGGRESSIVE;
				CLANG_WARN_UNREACHABLE_CODE = YES;
				CLANG_WARN__DUPLICATE_METHOD_MATCH = YES;
				COPY_PHASE_STRIP = NO;
				DEBUG_INFORMATION_FORMAT = "dwarf-with-dsym";
				ENABLE_NS_ASSERTIONS = NO;
				ENABLE_STRICT_OBJC_MSGSEND = YES;
				GCC_C_LANGUAGE_STANDARD = gnu11;
				GCC_NO_COMMON_BLOCKS = YES;
				GCC_WARN_64_TO_32_BIT_CONVERSION = YES;
				GCC_WARN_ABOUT_RETURN_TYPE = YES_ERROR;
				GCC_WARN_UNDECLARED_SELECTOR = YES;
				GCC_WARN_UNINITIALIZED_AUTOS = YES_AGGRESSIVE;
				GCC_WARN_UNUSED_FUNCTION = YES;
				GCC_WARN_UNUSED_VARIABLE = YES;
				IPHONEOS_DEPLOYMENT_TARGET = 15.0;
				MTL_ENABLE_DEBUG_INFO = NO;
				MTL_FAST_MATH = YES;
				SDKROOT = iphoneos;
				SWIFT_COMPILATION_MODE = wholemodule;
				SWIFT_OPTIMIZATION_LEVEL = "-O";
				VALIDATE_PRODUCT = YES;
			};
			name = Release;
		};
		1B9D0A8127610D8F0090CB2A /* Debug */ = {
			isa = XCBuildConfiguration;
			buildSettings = {
				ASSETCATALOG_COMPILER_APPICON_NAME = AppIcon;
				ASSETCATALOG_COMPILER_GLOBAL_ACCENT_COLOR_NAME = AccentColor;
				CODE_SIGN_STYLE = Automatic;
				CURRENT_PROJECT_VERSION = 1;
				DEVELOPMENT_TEAM = HHWJTGZ862;
				GENERATE_INFOPLIST_FILE = YES;
				INFOPLIST_FILE = "Prototype 2.0/Info.plist";
				INFOPLIST_KEY_UIApplicationSupportsIndirectInputEvents = YES;
				INFOPLIST_KEY_UILaunchStoryboardName = LaunchScreen;
				INFOPLIST_KEY_UISupportedInterfaceOrientations_iPad = "UIInterfaceOrientationPortrait UIInterfaceOrientationPortraitUpsideDown UIInterfaceOrientationLandscapeLeft UIInterfaceOrientationLandscapeRight";
				INFOPLIST_KEY_UISupportedInterfaceOrientations_iPhone = "UIInterfaceOrientationPortrait UIInterfaceOrientationLandscapeLeft UIInterfaceOrientationLandscapeRight";
				IPHONEOS_DEPLOYMENT_TARGET = 14.5;
				LD_RUNPATH_SEARCH_PATHS = (
					"$(inherited)",
					"@executable_path/Frameworks",
				);
				MARKETING_VERSION = 1.0;
				PRODUCT_BUNDLE_IDENTIFIER = "com.Zanaeira.SalahTimesApp.Prototype-2-0";
				PRODUCT_NAME = "$(TARGET_NAME)";
				SWIFT_EMIT_LOC_STRINGS = YES;
				SWIFT_VERSION = 5.0;
				TARGETED_DEVICE_FAMILY = "1,2";
			};
			name = Debug;
		};
		1B9D0A8227610D8F0090CB2A /* Release */ = {
			isa = XCBuildConfiguration;
			buildSettings = {
				ASSETCATALOG_COMPILER_APPICON_NAME = AppIcon;
				ASSETCATALOG_COMPILER_GLOBAL_ACCENT_COLOR_NAME = AccentColor;
				CODE_SIGN_STYLE = Automatic;
				CURRENT_PROJECT_VERSION = 1;
				DEVELOPMENT_TEAM = HHWJTGZ862;
				GENERATE_INFOPLIST_FILE = YES;
				INFOPLIST_FILE = "Prototype 2.0/Info.plist";
				INFOPLIST_KEY_UIApplicationSupportsIndirectInputEvents = YES;
				INFOPLIST_KEY_UILaunchStoryboardName = LaunchScreen;
				INFOPLIST_KEY_UISupportedInterfaceOrientations_iPad = "UIInterfaceOrientationPortrait UIInterfaceOrientationPortraitUpsideDown UIInterfaceOrientationLandscapeLeft UIInterfaceOrientationLandscapeRight";
				INFOPLIST_KEY_UISupportedInterfaceOrientations_iPhone = "UIInterfaceOrientationPortrait UIInterfaceOrientationLandscapeLeft UIInterfaceOrientationLandscapeRight";
				IPHONEOS_DEPLOYMENT_TARGET = 14.5;
				LD_RUNPATH_SEARCH_PATHS = (
					"$(inherited)",
					"@executable_path/Frameworks",
				);
				MARKETING_VERSION = 1.0;
				PRODUCT_BUNDLE_IDENTIFIER = "com.Zanaeira.SalahTimesApp.Prototype-2-0";
				PRODUCT_NAME = "$(TARGET_NAME)";
				SWIFT_EMIT_LOC_STRINGS = YES;
				SWIFT_VERSION = 5.0;
				TARGETED_DEVICE_FAMILY = "1,2";
			};
			name = Release;
		};
/* End XCBuildConfiguration section */

/* Begin XCConfigurationList section */
		1B9D0A6727610D8C0090CB2A /* Build configuration list for PBXProject "Prototype 2.0" */ = {
			isa = XCConfigurationList;
			buildConfigurations = (
				1B9D0A7E27610D8F0090CB2A /* Debug */,
				1B9D0A7F27610D8F0090CB2A /* Release */,
			);
			defaultConfigurationIsVisible = 0;
			defaultConfigurationName = Release;
		};
		1B9D0A8027610D8F0090CB2A /* Build configuration list for PBXNativeTarget "Prototype 2.0" */ = {
			isa = XCConfigurationList;
			buildConfigurations = (
				1B9D0A8127610D8F0090CB2A /* Debug */,
				1B9D0A8227610D8F0090CB2A /* Release */,
			);
			defaultConfigurationIsVisible = 0;
			defaultConfigurationName = Release;
		};
/* End XCConfigurationList section */
	};
	rootObject = 1B9D0A6427610D8C0090CB2A /* Project object */;
}
